
Microsoft Visual Studio Solution File, Format Version 12.00
# Visual Studio Version 17
VisualStudioVersion = 17.8.34309.116
MinimumVisualStudioVersion = 10.0.40219.1
Project("{9A19103F-16F7-4668-BE54-9A1E7A4F7556}") = "CannoliKit", "CannoliKit\CannoliKit.csproj", "{16443FDF-6E6B-4070-A3F0-3D358F575AFC}"
EndProject
Project("{9A19103F-16F7-4668-BE54-9A1E7A4F7556}") = "Demo", "Demo\Demo.csproj", "{59A1B4B6-20E9-4E30-80F9-82FE4E5FD318}"
EndProject
Global
	GlobalSection(SolutionConfigurationPlatforms) = preSolution
		Debug|Any CPU = Debug|Any CPU
		Release|Any CPU = Release|Any CPU
	EndGlobalSection
	GlobalSection(ProjectConfigurationPlatforms) = postSolution
		{16443FDF-6E6B-4070-A3F0-3D358F575AFC}.Debug|Any CPU.ActiveCfg = Debug|Any CPU
		{16443FDF-6E6B-4070-A3F0-3D358F575AFC}.Debug|Any CPU.Build.0 = Debug|Any CPU
		{16443FDF-6E6B-4070-A3F0-3D358F575AFC}.Release|Any CPU.ActiveCfg = Release|Any CPU
		{16443FDF-6E6B-4070-A3F0-3D358F575AFC}.Release|Any CPU.Build.0 = Release|Any CPU
		{59A1B4B6-20E9-4E30-80F9-82FE4E5FD318}.Debug|Any CPU.ActiveCfg = Debug|Any CPU
		{59A1B4B6-20E9-4E30-80F9-82FE4E5FD318}.Debug|Any CPU.Build.0 = Debug|Any CPU
		{59A1B4B6-20E9-4E30-80F9-82FE4E5FD318}.Release|Any CPU.ActiveCfg = Release|Any CPU
		{59A1B4B6-20E9-4E30-80F9-82FE4E5FD318}.Release|Any CPU.Build.0 = Release|Any CPU
	EndGlobalSection
	GlobalSection(SolutionProperties) = preSolution
		HideSolutionNode = FALSE
	EndGlobalSection
	GlobalSection(ExtensibilityGlobals) = postSolution
		SolutionGuid = {26747CDD-FE9A-4592-845D-7034A38A1646}
	EndGlobalSection
EndGlobal
